
Microsoft Visual Studio Solution File, Format Version 12.00
# Visual Studio Version 17
VisualStudioVersion = 17.7.34031.279
MinimumVisualStudioVersion = 10.0.40219.1
Project("{FAE04EC0-301F-11D3-BF4B-00C04F79EFBC}") = "Lab5", "Lab5.csproj", "{80A47455-D168-4DFE-9DD5-0A085ADE4C81}"
EndProject
Global
	GlobalSection(SolutionConfigurationPlatforms) = preSolution
		Debug|Any CPU = Debug|Any CPU
		Release|Any CPU = Release|Any CPU
	EndGlobalSection
	GlobalSection(ProjectConfigurationPlatforms) = postSolution
		{80A47455-D168-4DFE-9DD5-0A085ADE4C81}.Debug|Any CPU.ActiveCfg = Debug|Any CPU
		{80A47455-D168-4DFE-9DD5-0A085ADE4C81}.Debug|Any CPU.Build.0 = Debug|Any CPU
		{80A47455-D168-4DFE-9DD5-0A085ADE4C81}.Release|Any CPU.ActiveCfg = Release|Any CPU
		{80A47455-D168-4DFE-9DD5-0A085ADE4C81}.Release|Any CPU.Build.0 = Release|Any CPU
	EndGlobalSection
	GlobalSection(SolutionProperties) = preSolution
		HideSolutionNode = FALSE
	EndGlobalSection
	GlobalSection(ExtensibilityGlobals) = postSolution
		SolutionGuid = {54C353F8-DFD8-4886-9AD1-A10B5D575B91}
	EndGlobalSection
EndGlobal
